
Microsoft Visual Studio Solution File, Format Version 12.00
# Visual Studio Express 2012 for Windows Desktop
Project("{FAE04EC0-301F-11D3-BF4B-00C04F79EFBC}") = "ScoreCollector", "ScoreCollector\ScoreCollector.csproj", "{A959A5F6-289D-493D-BDDB-0073D325DF82}"
EndProject
Project("{FAE04EC0-301F-11D3-BF4B-00C04F79EFBC}") = "ScoreFramwork", "ScoreFramwork\ScoreFramwork.csproj", "{CB28C07E-D7BE-4480-8CD0-CC94B7F25358}"
EndProject
Project("{2150E333-8FDC-42A3-9474-1A3956D46DE8}") = "Solution Items", "Solution Items", "{A16E2FEE-E81D-4722-987E-991584A4604B}"
	ProjectSection(SolutionItems) = preProject
		README.txt = README.txt
	EndProjectSection
EndProject
Project("{FAE04EC0-301F-11D3-BF4B-00C04F79EFBC}") = "ScoreCollector.Test", "ScoreCollector.Test\ScoreCollector.Test.csproj", "{153A1E40-48D8-485F-9D79-C8A61BF6F0F1}"
EndProject
Global
	GlobalSection(SolutionConfigurationPlatforms) = preSolution
		Debug|Any CPU = Debug|Any CPU
		Debug|Mixed Platforms = Debug|Mixed Platforms
		Debug|x86 = Debug|x86
		Release|Any CPU = Release|Any CPU
		Release|Mixed Platforms = Release|Mixed Platforms
		Release|x86 = Release|x86
	EndGlobalSection
	GlobalSection(ProjectConfigurationPlatforms) = postSolution
		{A959A5F6-289D-493D-BDDB-0073D325DF82}.Debug|Any CPU.ActiveCfg = Debug|x86
		{A959A5F6-289D-493D-BDDB-0073D325DF82}.Debug|Mixed Platforms.ActiveCfg = Debug|x86
		{A959A5F6-289D-493D-BDDB-0073D325DF82}.Debug|Mixed Platforms.Build.0 = Debug|x86
		{A959A5F6-289D-493D-BDDB-0073D325DF82}.Debug|x86.ActiveCfg = Debug|x86
		{A959A5F6-289D-493D-BDDB-0073D325DF82}.Debug|x86.Build.0 = Debug|x86
		{A959A5F6-289D-493D-BDDB-0073D325DF82}.Release|Any CPU.ActiveCfg = Release|x86
		{A959A5F6-289D-493D-BDDB-0073D325DF82}.Release|Mixed Platforms.ActiveCfg = Release|x86
		{A959A5F6-289D-493D-BDDB-0073D325DF82}.Release|Mixed Platforms.Build.0 = Release|x86
		{A959A5F6-289D-493D-BDDB-0073D325DF82}.Release|x86.ActiveCfg = Release|x86
		{A959A5F6-289D-493D-BDDB-0073D325DF82}.Release|x86.Build.0 = Release|x86
		{CB28C07E-D7BE-4480-8CD0-CC94B7F25358}.Debug|Any CPU.ActiveCfg = Debug|Any CPU
		{CB28C07E-D7BE-4480-8CD0-CC94B7F25358}.Debug|Any CPU.Build.0 = Debug|Any CPU
		{CB28C07E-D7BE-4480-8CD0-CC94B7F25358}.Debug|Mixed Platforms.ActiveCfg = Debug|Any CPU
		{CB28C07E-D7BE-4480-8CD0-CC94B7F25358}.Debug|Mixed Platforms.Build.0 = Debug|Any CPU
		{CB28C07E-D7BE-4480-8CD0-CC94B7F25358}.Debug|x86.ActiveCfg = Debug|Any CPU
		{CB28C07E-D7BE-4480-8CD0-CC94B7F25358}.Release|Any CPU.ActiveCfg = Release|Any CPU
		{CB28C07E-D7BE-4480-8CD0-CC94B7F25358}.Release|Any CPU.Build.0 = Release|Any CPU
		{CB28C07E-D7BE-4480-8CD0-CC94B7F25358}.Release|Mixed Platforms.ActiveCfg = Release|Any CPU
		{CB28C07E-D7BE-4480-8CD0-CC94B7F25358}.Release|Mixed Platforms.Build.0 = Release|Any CPU
		{CB28C07E-D7BE-4480-8CD0-CC94B7F25358}.Release|x86.ActiveCfg = Release|Any CPU
		{153A1E40-48D8-485F-9D79-C8A61BF6F0F1}.Debug|Any CPU.ActiveCfg = Debug|x86
		{153A1E40-48D8-485F-9D79-C8A61BF6F0F1}.Debug|Mixed Platforms.ActiveCfg = Debug|x86
		{153A1E40-48D8-485F-9D79-C8A61BF6F0F1}.Debug|Mixed Platforms.Build.0 = Debug|x86
		{153A1E40-48D8-485F-9D79-C8A61BF6F0F1}.Debug|x86.ActiveCfg = Debug|x86
		{153A1E40-48D8-485F-9D79-C8A61BF6F0F1}.Debug|x86.Build.0 = Debug|x86
		{153A1E40-48D8-485F-9D79-C8A61BF6F0F1}.Release|Any CPU.ActiveCfg = Release|x86
		{153A1E40-48D8-485F-9D79-C8A61BF6F0F1}.Release|Mixed Platforms.ActiveCfg = Release|x86
		{153A1E40-48D8-485F-9D79-C8A61BF6F0F1}.Release|Mixed Platforms.Build.0 = Release|x86
		{153A1E40-48D8-485F-9D79-C8A61BF6F0F1}.Release|x86.ActiveCfg = Release|x86
		{153A1E40-48D8-485F-9D79-C8A61BF6F0F1}.Release|x86.Build.0 = Release|x86
	EndGlobalSection
	GlobalSection(SolutionProperties) = preSolution
		HideSolutionNode = FALSE
	EndGlobalSection
	GlobalSection(MonoDevelopProperties) = preSolution
		StartupItem = ScoreCollector\ScoreCollector.csproj
	EndGlobalSection
EndGlobal
